
Microsoft Visual Studio Solution File, Format Version 12.00
# Visual Studio Version 16
VisualStudioVersion = 16.0.32602.291
MinimumVisualStudioVersion = 10.0.40219.1
Project("{FAE04EC0-301F-11D3-BF4B-00C04F79EFBC}") = "ÖğrenciİşleriOtomasyonu", "ÖğrenciİşleriOtomasyonu\ÖğrenciİşleriOtomasyonu.csproj", "{78273D03-77BE-4500-83EF-2FF3936BAC65}"
EndProject
Global
	GlobalSection(SolutionConfigurationPlatforms) = preSolution
		Debug|Any CPU = Debug|Any CPU
		Release|Any CPU = Release|Any CPU
	EndGlobalSection
	GlobalSection(ProjectConfigurationPlatforms) = postSolution
		{78273D03-77BE-4500-83EF-2FF3936BAC65}.Debug|Any CPU.ActiveCfg = Debug|Any CPU
		{78273D03-77BE-4500-83EF-2FF3936BAC65}.Debug|Any CPU.Build.0 = Debug|Any CPU
		{78273D03-77BE-4500-83EF-2FF3936BAC65}.Release|Any CPU.ActiveCfg = Release|Any CPU
		{78273D03-77BE-4500-83EF-2FF3936BAC65}.Release|Any CPU.Build.0 = Release|Any CPU
	EndGlobalSection
	GlobalSection(SolutionProperties) = preSolution
		HideSolutionNode = FALSE
	EndGlobalSection
	GlobalSection(ExtensibilityGlobals) = postSolution
		SolutionGuid = {96F961AF-B2D8-4C84-9E5F-864D4F7995E6}
	EndGlobalSection
EndGlobal
